
Microsoft Visual Studio Solution File, Format Version 12.00
# Visual Studio Version 16
VisualStudioVersion = 16.0.31129.286
MinimumVisualStudioVersion = 10.0.40219.1
Project("{FAE04EC0-301F-11D3-BF4B-00C04F79EFBC}") = "CapaDatos", "Capa de Datos\CapaDatos.csproj", "{AC8AC764-73A3-4D19-B1E9-2C9C8247F866}"
EndProject
Project("{FAE04EC0-301F-11D3-BF4B-00C04F79EFBC}") = "CapaPresentacion", "CapaPresentacion\CapaPresentacion.csproj", "{198619C4-8460-4CD9-A5D2-01A67113EECC}"
EndProject
Project("{FAE04EC0-301F-11D3-BF4B-00C04F79EFBC}") = "CapaReservas", "CapaReservas\CapaReservas.csproj", "{716DA0B1-777F-4C3B-9FDE-F740244FE9CB}"
EndProject
Global
	GlobalSection(SolutionConfigurationPlatforms) = preSolution
		Debug|Any CPU = Debug|Any CPU
		Release|Any CPU = Release|Any CPU
	EndGlobalSection
	GlobalSection(ProjectConfigurationPlatforms) = postSolution
		{AC8AC764-73A3-4D19-B1E9-2C9C8247F866}.Debug|Any CPU.ActiveCfg = Debug|Any CPU
		{AC8AC764-73A3-4D19-B1E9-2C9C8247F866}.Debug|Any CPU.Build.0 = Debug|Any CPU
		{AC8AC764-73A3-4D19-B1E9-2C9C8247F866}.Release|Any CPU.ActiveCfg = Release|Any CPU
		{AC8AC764-73A3-4D19-B1E9-2C9C8247F866}.Release|Any CPU.Build.0 = Release|Any CPU
		{198619C4-8460-4CD9-A5D2-01A67113EECC}.Debug|Any CPU.ActiveCfg = Debug|Any CPU
		{198619C4-8460-4CD9-A5D2-01A67113EECC}.Debug|Any CPU.Build.0 = Debug|Any CPU
		{198619C4-8460-4CD9-A5D2-01A67113EECC}.Release|Any CPU.ActiveCfg = Release|Any CPU
		{198619C4-8460-4CD9-A5D2-01A67113EECC}.Release|Any CPU.Build.0 = Release|Any CPU
		{716DA0B1-777F-4C3B-9FDE-F740244FE9CB}.Debug|Any CPU.ActiveCfg = Debug|Any CPU
		{716DA0B1-777F-4C3B-9FDE-F740244FE9CB}.Debug|Any CPU.Build.0 = Debug|Any CPU
		{716DA0B1-777F-4C3B-9FDE-F740244FE9CB}.Release|Any CPU.ActiveCfg = Release|Any CPU
		{716DA0B1-777F-4C3B-9FDE-F740244FE9CB}.Release|Any CPU.Build.0 = Release|Any CPU
	EndGlobalSection
	GlobalSection(SolutionProperties) = preSolution
		HideSolutionNode = FALSE
	EndGlobalSection
	GlobalSection(ExtensibilityGlobals) = postSolution
		SolutionGuid = {F1422193-A01F-4405-91F1-63FD32A4B6BC}
	EndGlobalSection
EndGlobal
